{
  "originHash" : "a9013db15f79076c725e57e03fbc61b2cf03d966fb5475e2531a28a2ee210910",
  "pins" : [
    {
      "identity" : "swift-argument-parser",
      "kind" : "remoteSourceControl",
      "location" : "https://github.com/apple/swift-argument-parser.git",
      "state" : {
        "revision" : "41982a3656a71c768319979febd796c6fd111d5c",
        "version" : "1.5.0"
      }
    },
    {
      "identity" : "swift-hub",
      "kind" : "remoteSourceControl",
      "location" : "https://github.com/FL33TW00D/swift-hub.git",
      "state" : {
        "branch" : "main",
        "revision" : "ff1184c91b9a754c1f4983d2a411854362d35c49"
      }
    }
  ],
  "version" : 3
}
